
Microsoft Visual Studio Solution File, Format Version 12.00
# Visual Studio 15
VisualStudioVersion = 15.0.27703.2042
MinimumVisualStudioVersion = 10.0.40219.1
Project("{FAE04EC0-301F-11D3-BF4B-00C04F79EFBC}") = "Server", "Server\Server.csproj", "{ED9C4708-2B06-41CB-BED3-222E1DF6775E}"
EndProject
Project("{FAE04EC0-301F-11D3-BF4B-00C04F79EFBC}") = "Client", "Client\Client.csproj", "{06F13A86-0B72-4F99-8981-3C9391E191A8}"
EndProject
Global
	GlobalSection(SolutionConfigurationPlatforms) = preSolution
		Debug|Any CPU = Debug|Any CPU
		Release|Any CPU = Release|Any CPU
	EndGlobalSection
	GlobalSection(ProjectConfigurationPlatforms) = postSolution
		{ED9C4708-2B06-41CB-BED3-222E1DF6775E}.Debug|Any CPU.ActiveCfg = Debug|Any CPU
		{ED9C4708-2B06-41CB-BED3-222E1DF6775E}.Debug|Any CPU.Build.0 = Debug|Any CPU
		{ED9C4708-2B06-41CB-BED3-222E1DF6775E}.Release|Any CPU.ActiveCfg = Release|Any CPU
		{ED9C4708-2B06-41CB-BED3-222E1DF6775E}.Release|Any CPU.Build.0 = Release|Any CPU
		{06F13A86-0B72-4F99-8981-3C9391E191A8}.Debug|Any CPU.ActiveCfg = Debug|Any CPU
		{06F13A86-0B72-4F99-8981-3C9391E191A8}.Debug|Any CPU.Build.0 = Debug|Any CPU
		{06F13A86-0B72-4F99-8981-3C9391E191A8}.Release|Any CPU.ActiveCfg = Release|Any CPU
		{06F13A86-0B72-4F99-8981-3C9391E191A8}.Release|Any CPU.Build.0 = Release|Any CPU
	EndGlobalSection
	GlobalSection(SolutionProperties) = preSolution
		HideSolutionNode = FALSE
	EndGlobalSection
	GlobalSection(ExtensibilityGlobals) = postSolution
		SolutionGuid = {477FD84E-E257-4CAC-860A-782ACD2F4200}
	EndGlobalSection
EndGlobal
